
Microsoft Visual Studio Solution File, Format Version 12.00
# Visual Studio Version 16
VisualStudioVersion = 16.0.29009.5
MinimumVisualStudioVersion = 10.0.40219.1
Project("{2150E333-8FDC-42A3-9474-1A3956D46DE8}") = "0.Presentation", "0.Presentation", "{577BE8E9-12AE-4429-9024-E2C41BDD1AFF}"
EndProject
Project("{2150E333-8FDC-42A3-9474-1A3956D46DE8}") = "1.Application", "1.Application", "{7690C9EE-CEFF-4349-BE04-BA06366B3E6E}"
EndProject
Project("{2150E333-8FDC-42A3-9474-1A3956D46DE8}") = "2.Services", "2.Services", "{5BC3BB0A-D88E-4A9A-8933-D13532313DDA}"
EndProject
Project("{2150E333-8FDC-42A3-9474-1A3956D46DE8}") = "3.Domain", "3.Domain", "{F0DC8573-C693-40B4-9C2E-A8CE163B9765}"
EndProject
Project("{2150E333-8FDC-42A3-9474-1A3956D46DE8}") = "4.Infra", "4.Infra", "{4C65BCB3-578F-4E79-8347-C765A0D82E54}"
EndProject
Project("{2150E333-8FDC-42A3-9474-1A3956D46DE8}") = "4.1.Data", "4.1.Data", "{49C410B0-CAC2-4B0E-91BF-C9E20EB7C09C}"
EndProject
Project("{2150E333-8FDC-42A3-9474-1A3956D46DE8}") = "4.2.CrossCutting.IoC", "4.2.CrossCutting.IoC", "{6F7C2BD4-1FA0-4A42-9B0B-E6580F5A08C4}"
EndProject
Project("{2150E333-8FDC-42A3-9474-1A3956D46DE8}") = "4.3.CrossCutting.Identity", "4.3.CrossCutting.Identity", "{6B9282EC-7A85-47C7-BF53-824A5DD366F7}"
EndProject
Project("{2150E333-8FDC-42A3-9474-1A3956D46DE8}") = "4.4.Test", "4.4.Test", "{2FCBC3E7-B18A-4C10-A9BD-2D1EC6DFB361}"
EndProject
Project("{9A19103F-16F7-4668-BE54-9A1E7A4F7556}") = "MVC", "src\Presentation\MVC\MVC.csproj", "{48DC1840-AC3C-499C-982C-6BEB3D2B811B}"
EndProject
Project("{9A19103F-16F7-4668-BE54-9A1E7A4F7556}") = "WebAPI", "src\Application\WebAPI\WebAPI.csproj", "{EF060689-9E7F-419E-8696-0D3FF9726CDD}"
EndProject
Project("{9A19103F-16F7-4668-BE54-9A1E7A4F7556}") = "DomainServices", "src\Services\DomainServices\DomainServices.csproj", "{9F269395-55E4-4D82-A218-F31726E8131C}"
EndProject
Project("{9A19103F-16F7-4668-BE54-9A1E7A4F7556}") = "DomainModel", "src\Domain\DomainModel\DomainModel.csproj", "{028C15E9-9929-449D-BD70-856C0725BE42}"
EndProject
Project("{9A19103F-16F7-4668-BE54-9A1E7A4F7556}") = "Infra.Data.SqlServer", "src\Infra\Infra.Data.SqlServer\Infra.Data.SqlServer.csproj", "{DE131A87-568E-413A-A896-DF0F07E0F0BF}"
EndProject
Project("{9A19103F-16F7-4668-BE54-9A1E7A4F7556}") = "Infra.CrossCutting.IoC", "src\Infra\Infra.CrossCutting.IoC\Infra.CrossCutting.IoC.csproj", "{D4A256EB-803B-49E3-8601-CAD51F4C2D4D}"
EndProject
Project("{9A19103F-16F7-4668-BE54-9A1E7A4F7556}") = "Test.XUnit", "src\Infra\Test.XUnit\Test.XUnit.csproj", "{F2080B26-804B-4896-B1DB-DE1266B8ECCF}"
EndProject
Project("{FAE04EC0-301F-11D3-BF4B-00C04F79EFBC}") = "Infra.CrossCutting.Identity", "src\Infra\Infra.CrossCutting.Identity\Infra.CrossCutting.Identity.csproj", "{3EF50768-5F5E-4C21-A2E3-64FAB9C9ADBF}"
EndProject
Global
	GlobalSection(SolutionConfigurationPlatforms) = preSolution
		Debug|Any CPU = Debug|Any CPU
		Release|Any CPU = Release|Any CPU
	EndGlobalSection
	GlobalSection(ProjectConfigurationPlatforms) = postSolution
		{48DC1840-AC3C-499C-982C-6BEB3D2B811B}.Debug|Any CPU.ActiveCfg = Debug|Any CPU
		{48DC1840-AC3C-499C-982C-6BEB3D2B811B}.Debug|Any CPU.Build.0 = Debug|Any CPU
		{48DC1840-AC3C-499C-982C-6BEB3D2B811B}.Release|Any CPU.ActiveCfg = Release|Any CPU
		{48DC1840-AC3C-499C-982C-6BEB3D2B811B}.Release|Any CPU.Build.0 = Release|Any CPU
		{EF060689-9E7F-419E-8696-0D3FF9726CDD}.Debug|Any CPU.ActiveCfg = Debug|Any CPU
		{EF060689-9E7F-419E-8696-0D3FF9726CDD}.Debug|Any CPU.Build.0 = Debug|Any CPU
		{EF060689-9E7F-419E-8696-0D3FF9726CDD}.Release|Any CPU.ActiveCfg = Release|Any CPU
		{EF060689-9E7F-419E-8696-0D3FF9726CDD}.Release|Any CPU.Build.0 = Release|Any CPU
		{9F269395-55E4-4D82-A218-F31726E8131C}.Debug|Any CPU.ActiveCfg = Debug|Any CPU
		{9F269395-55E4-4D82-A218-F31726E8131C}.Debug|Any CPU.Build.0 = Debug|Any CPU
		{9F269395-55E4-4D82-A218-F31726E8131C}.Release|Any CPU.ActiveCfg = Release|Any CPU
		{9F269395-55E4-4D82-A218-F31726E8131C}.Release|Any CPU.Build.0 = Release|Any CPU
		{028C15E9-9929-449D-BD70-856C0725BE42}.Debug|Any CPU.ActiveCfg = Debug|Any CPU
		{028C15E9-9929-449D-BD70-856C0725BE42}.Debug|Any CPU.Build.0 = Debug|Any CPU
		{028C15E9-9929-449D-BD70-856C0725BE42}.Release|Any CPU.ActiveCfg = Release|Any CPU
		{028C15E9-9929-449D-BD70-856C0725BE42}.Release|Any CPU.Build.0 = Release|Any CPU
		{DE131A87-568E-413A-A896-DF0F07E0F0BF}.Debug|Any CPU.ActiveCfg = Debug|Any CPU
		{DE131A87-568E-413A-A896-DF0F07E0F0BF}.Debug|Any CPU.Build.0 = Debug|Any CPU
		{DE131A87-568E-413A-A896-DF0F07E0F0BF}.Release|Any CPU.ActiveCfg = Release|Any CPU
		{DE131A87-568E-413A-A896-DF0F07E0F0BF}.Release|Any CPU.Build.0 = Release|Any CPU
		{D4A256EB-803B-49E3-8601-CAD51F4C2D4D}.Debug|Any CPU.ActiveCfg = Debug|Any CPU
		{D4A256EB-803B-49E3-8601-CAD51F4C2D4D}.Debug|Any CPU.Build.0 = Debug|Any CPU
		{D4A256EB-803B-49E3-8601-CAD51F4C2D4D}.Release|Any CPU.ActiveCfg = Release|Any CPU
		{D4A256EB-803B-49E3-8601-CAD51F4C2D4D}.Release|Any CPU.Build.0 = Release|Any CPU
		{F2080B26-804B-4896-B1DB-DE1266B8ECCF}.Debug|Any CPU.ActiveCfg = Debug|Any CPU
		{F2080B26-804B-4896-B1DB-DE1266B8ECCF}.Debug|Any CPU.Build.0 = Debug|Any CPU
		{F2080B26-804B-4896-B1DB-DE1266B8ECCF}.Release|Any CPU.ActiveCfg = Release|Any CPU
		{F2080B26-804B-4896-B1DB-DE1266B8ECCF}.Release|Any CPU.Build.0 = Release|Any CPU
		{3EF50768-5F5E-4C21-A2E3-64FAB9C9ADBF}.Debug|Any CPU.ActiveCfg = Debug|Any CPU
		{3EF50768-5F5E-4C21-A2E3-64FAB9C9ADBF}.Debug|Any CPU.Build.0 = Debug|Any CPU
		{3EF50768-5F5E-4C21-A2E3-64FAB9C9ADBF}.Release|Any CPU.ActiveCfg = Release|Any CPU
		{3EF50768-5F5E-4C21-A2E3-64FAB9C9ADBF}.Release|Any CPU.Build.0 = Release|Any CPU
	EndGlobalSection
	GlobalSection(SolutionProperties) = preSolution
		HideSolutionNode = FALSE
	EndGlobalSection
	GlobalSection(NestedProjects) = preSolution
		{49C410B0-CAC2-4B0E-91BF-C9E20EB7C09C} = {4C65BCB3-578F-4E79-8347-C765A0D82E54}
		{6F7C2BD4-1FA0-4A42-9B0B-E6580F5A08C4} = {4C65BCB3-578F-4E79-8347-C765A0D82E54}
		{6B9282EC-7A85-47C7-BF53-824A5DD366F7} = {4C65BCB3-578F-4E79-8347-C765A0D82E54}
		{2FCBC3E7-B18A-4C10-A9BD-2D1EC6DFB361} = {4C65BCB3-578F-4E79-8347-C765A0D82E54}
		{48DC1840-AC3C-499C-982C-6BEB3D2B811B} = {577BE8E9-12AE-4429-9024-E2C41BDD1AFF}
		{EF060689-9E7F-419E-8696-0D3FF9726CDD} = {7690C9EE-CEFF-4349-BE04-BA06366B3E6E}
		{9F269395-55E4-4D82-A218-F31726E8131C} = {5BC3BB0A-D88E-4A9A-8933-D13532313DDA}
		{028C15E9-9929-449D-BD70-856C0725BE42} = {F0DC8573-C693-40B4-9C2E-A8CE163B9765}
		{DE131A87-568E-413A-A896-DF0F07E0F0BF} = {49C410B0-CAC2-4B0E-91BF-C9E20EB7C09C}
		{D4A256EB-803B-49E3-8601-CAD51F4C2D4D} = {6F7C2BD4-1FA0-4A42-9B0B-E6580F5A08C4}
		{F2080B26-804B-4896-B1DB-DE1266B8ECCF} = {2FCBC3E7-B18A-4C10-A9BD-2D1EC6DFB361}
		{3EF50768-5F5E-4C21-A2E3-64FAB9C9ADBF} = {6B9282EC-7A85-47C7-BF53-824A5DD366F7}
	EndGlobalSection
	GlobalSection(ExtensibilityGlobals) = postSolution
		SolutionGuid = {20EFCA1A-BD48-4EDD-9FE3-1CF29B6C2D9F}
	EndGlobalSection
EndGlobal
